Microsoft Visual Studio Solution File, Format Version 12.00
# Visual Studio Version 17
VisualStudioVersion = 17.5.2.0
MinimumVisualStudioVersion = 10.0.40219.1
Project("{FAE04EC0-301F-11D3-BF4B-00C04F79EFBC}") = "CellarS.Api", "CellarS.Api.csproj", "{43A9FD0D-8F49-0841-7D59-FB10DC943635}"
EndProject
Global
	GlobalSection(SolutionConfigurationPlatforms) = preSolution
		Debug|Any CPU = Debug|Any CPU
		Release|Any CPU = Release|Any CPU
	EndGlobalSection
	GlobalSection(ProjectConfigurationPlatforms) = postSolution
		{43A9FD0D-8F49-0841-7D59-FB10DC943635}.Debug|Any CPU.ActiveCfg = Debug|Any CPU
		{43A9FD0D-8F49-0841-7D59-FB10DC943635}.Debug|Any CPU.Build.0 = Debug|Any CPU
		{43A9FD0D-8F49-0841-7D59-FB10DC943635}.Release|Any CPU.ActiveCfg = Release|Any CPU
		{43A9FD0D-8F49-0841-7D59-FB10DC943635}.Release|Any CPU.Build.0 = Release|Any CPU
	EndGlobalSection
	GlobalSection(SolutionProperties) = preSolution
		HideSolutionNode = FALSE
	EndGlobalSection
	GlobalSection(ExtensibilityGlobals) = postSolution
		SolutionGuid = {3C1989EB-3321-400B-8678-1E932B344BB7}
	EndGlobalSection
EndGlobal
